
Microsoft Visual Studio Solution File, Format Version 12.00
# Visual Studio 15
VisualStudioVersion = 15.0.26730.15
MinimumVisualStudioVersion = 10.0.40219.1
Project("{9A19103F-16F7-4668-BE54-9A1E7A4F7556}") = "iKino.API", "iKino.API\iKino.API.csproj", "{71F6EFA0-B2A5-43FD-8C1E-D442BE147C51}"
EndProject
Project("{9A19103F-16F7-4668-BE54-9A1E7A4F7556}") = "iKino.Tests", "iKino.Tests\iKino.Tests.csproj", "{411F3A25-ABBD-44E3-9BFF-6A4A05E40AA0}"
EndProject
Project("{FAE04EC0-301F-11D3-BF4B-00C04F79EFBC}") = "iKino.Tests.EndToEnd", "iKino.Tests.EndToEnd\iKino.Tests.EndToEnd.csproj", "{D9B46E3F-C211-4886-BD70-6270E2CCB2EA}"
EndProject
Project("{2150E333-8FDC-42A3-9474-1A3956D46DE8}") = "Solution Items", "Solution Items", "{7ED91B1D-3BB1-4651-82DC-8392B58EB044}"
	ProjectSection(SolutionItems) = preProject
		iKino.API\.gitignore = iKino.API\.gitignore
		appsettings.json = appsettings.json
	EndProjectSection
EndProject
Global
	GlobalSection(SolutionConfigurationPlatforms) = preSolution
		Debug|Any CPU = Debug|Any CPU
		Release|Any CPU = Release|Any CPU
	EndGlobalSection
	GlobalSection(ProjectConfigurationPlatforms) = postSolution
		{71F6EFA0-B2A5-43FD-8C1E-D442BE147C51}.Debug|Any CPU.ActiveCfg = Debug|Any CPU
		{71F6EFA0-B2A5-43FD-8C1E-D442BE147C51}.Debug|Any CPU.Build.0 = Debug|Any CPU
		{71F6EFA0-B2A5-43FD-8C1E-D442BE147C51}.Release|Any CPU.ActiveCfg = Release|Any CPU
		{71F6EFA0-B2A5-43FD-8C1E-D442BE147C51}.Release|Any CPU.Build.0 = Release|Any CPU
		{411F3A25-ABBD-44E3-9BFF-6A4A05E40AA0}.Debug|Any CPU.ActiveCfg = Debug|Any CPU
		{411F3A25-ABBD-44E3-9BFF-6A4A05E40AA0}.Debug|Any CPU.Build.0 = Debug|Any CPU
		{411F3A25-ABBD-44E3-9BFF-6A4A05E40AA0}.Release|Any CPU.ActiveCfg = Release|Any CPU
		{411F3A25-ABBD-44E3-9BFF-6A4A05E40AA0}.Release|Any CPU.Build.0 = Release|Any CPU
		{D9B46E3F-C211-4886-BD70-6270E2CCB2EA}.Debug|Any CPU.ActiveCfg = Debug|Any CPU
		{D9B46E3F-C211-4886-BD70-6270E2CCB2EA}.Debug|Any CPU.Build.0 = Debug|Any CPU
		{D9B46E3F-C211-4886-BD70-6270E2CCB2EA}.Release|Any CPU.ActiveCfg = Release|Any CPU
		{D9B46E3F-C211-4886-BD70-6270E2CCB2EA}.Release|Any CPU.Build.0 = Release|Any CPU
	EndGlobalSection
	GlobalSection(SolutionProperties) = preSolution
		HideSolutionNode = FALSE
	EndGlobalSection
	GlobalSection(ExtensibilityGlobals) = postSolution
		SolutionGuid = {093284C2-6F74-430C-8899-2BC9C72C8925}
	EndGlobalSection
EndGlobal
